
Microsoft Visual Studio Solution File, Format Version 12.00
# Visual Studio Version 16
VisualStudioVersion = 16.0.31515.178
MinimumVisualStudioVersion = 10.0.40219.1
Project("{FAE04EC0-301F-11D3-BF4B-00C04F79EFBC}") = "AppBTS", "AppBTS\AppBTS.csproj", "{F03EB31B-DEE9-4530-91E0-042E3D93715E}"
EndProject
Global
	GlobalSection(SolutionConfigurationPlatforms) = preSolution
		Debug|Any CPU = Debug|Any CPU
		Release|Any CPU = Release|Any CPU
	EndGlobalSection
	GlobalSection(ProjectConfigurationPlatforms) = postSolution
		{F03EB31B-DEE9-4530-91E0-042E3D93715E}.Debug|Any CPU.ActiveCfg = Debug|Any CPU
		{F03EB31B-DEE9-4530-91E0-042E3D93715E}.Debug|Any CPU.Build.0 = Debug|Any CPU
		{F03EB31B-DEE9-4530-91E0-042E3D93715E}.Release|Any CPU.ActiveCfg = Release|Any CPU
		{F03EB31B-DEE9-4530-91E0-042E3D93715E}.Release|Any CPU.Build.0 = Release|Any CPU
	EndGlobalSection
	GlobalSection(SolutionProperties) = preSolution
		HideSolutionNode = FALSE
	EndGlobalSection
	GlobalSection(ExtensibilityGlobals) = postSolution
		SolutionGuid = {1741C86F-A6C4-47CB-85EA-70751D54559A}
	EndGlobalSection
EndGlobal
