
Microsoft Visual Studio Solution File, Format Version 12.00
# Visual Studio Version 16
VisualStudioVersion = 16.0.31515.178
MinimumVisualStudioVersion = 10.0.40219.1
Project("{FAE04EC0-301F-11D3-BF4B-00C04F79EFBC}") = "Login", "Login\Login.csproj", "{F22D30EA-30F2-45CF-ADE5-1AB402D7501B}"
EndProject
Global
	GlobalSection(SolutionConfigurationPlatforms) = preSolution
		Debug|Any CPU = Debug|Any CPU
		Release|Any CPU = Release|Any CPU
	EndGlobalSection
	GlobalSection(ProjectConfigurationPlatforms) = postSolution
		{F22D30EA-30F2-45CF-ADE5-1AB402D7501B}.Debug|Any CPU.ActiveCfg = Debug|Any CPU
		{F22D30EA-30F2-45CF-ADE5-1AB402D7501B}.Debug|Any CPU.Build.0 = Debug|Any CPU
		{F22D30EA-30F2-45CF-ADE5-1AB402D7501B}.Release|Any CPU.ActiveCfg = Release|Any CPU
		{F22D30EA-30F2-45CF-ADE5-1AB402D7501B}.Release|Any CPU.Build.0 = Release|Any CPU
	EndGlobalSection
	GlobalSection(SolutionProperties) = preSolution
		HideSolutionNode = FALSE
	EndGlobalSection
	GlobalSection(ExtensibilityGlobals) = postSolution
		SolutionGuid = {40314713-7785-489C-9701-DADEB2F8411F}
	EndGlobalSection
EndGlobal
